{
  "name": "simple-test",
  "version": "1.0.0",
  "lockfileVersion": 2,
  "requires": true,
  "packages": {
    "": {
      "name": "simple-test",
      "version": "1.0.0",
      "license": "ISC",
      "dependencies": {
        "rpio": "^0.9.16"
      }
    },
    "node_modules/bindings": {
      "version": "1.2.1",
      "license": "MIT"
    },
    "node_modules/nan": {
      "version": "2.6.2",
      "license": "MIT"
    },
    "node_modules/rpio": {
      "version": "0.9.16",
      "hasInstallScript": true,
      "license": "(ISC AND GPL-2.0)",
      "dependencies": {
        "bindings": "*",
        "nan": "*"
      },
      "engines": {
        "node": ">=0.8"
      }
    }
  },
  "dependencies": {
    "bindings": {
      "version": "1.2.1"
    },
    "nan": {
      "version": "2.6.2"
    },
    "rpio": {
      "version": "0.9.16",
      "requires": {
        "bindings": "*",
        "nan": "*"
      }
    }
  }
}
